{
  "name": "lawallet-startos",
  "lockfileVersion": 3,
  "requires": true,
  "packages": {
    "": {
      "name": "lawallet-startos",
      "dependencies": {
        "@start9labs/start-sdk": "2.0.9"
      },
      "devDependencies": {
        "@types/node": "^22.19.0",
        "@vercel/ncc": "^0.38.4",
        "prettier": "^3.6.2",
        "typescript": "^6.0.3"
      }
    },
    "node_modules/@iarna/toml": {
      "version": "3.0.0",
      "resolved": "https://registry.npmjs.org/@iarna/toml/-/toml-3.0.0.tgz",
      "integrity": "sha512-td6ZUkz2oS3VeleBcN+m//Q6HlCFCPrnI0FZhrt/h4XqLEdOyYp2u21nd8MdsR+WJy5r9PTDaHTDDfhf4H4l6Q==",
      "license": "ISC"
    },
    "node_modules/@noble/curves": {
      "version": "1.9.7",
      "resolved": "https://registry.npmjs.org/@noble/curves/-/curves-1.9.7.tgz",
      "integrity": "sha512-gbKGcRUYIjA3/zCCNaWDciTMFI0dCkvou3TL8Zmy5Nc7sJ47a0jtOeZoTaMxkuqRo9cRhjOdZJXegxYE5FN/xw==",
      "license": "MIT",
      "dependencies": {
        "@noble/hashes": "1.8.0"
      },
      "engines": {
        "node": "^14.21.3 || >=16"
      },
      "funding": {
        "url": "https://paulmillr.com/funding/"
      }
    },
    "node_modules/@noble/hashes": {
      "version": "1.8.0",
      "resolved": "https://registry.npmjs.org/@noble/hashes/-/hashes-1.8.0.tgz",
      "integrity": "sha512-jCs9ldd7NwzpgXDIf6P3+NrHh9/sD6CQdxHyjQI+h/6rDNo88ypBxxz45UDuZHz9r3tNz7N/VInSVoVdtXEI4A==",
      "license": "MIT",
      "engines": {
        "node": "^14.21.3 || >=16"
      },
      "funding": {
        "url": "https://paulmillr.com/funding/"
      }
    },
    "node_modules/@nodable/entities": {
      "version": "2.1.0",
      "resolved": "https://registry.npmjs.org/@nodable/entities/-/entities-2.1.0.tgz",
      "integrity": "sha512-nyT7T3nbMyBI/lvr6L5TyWbFJAI9FTgVRakNoBqCD+PmID8DzFrrNdLLtHMwMszOtqZa8PAOV24ZqDnQrhQINA==",
      "funding": [
        {
          "type": "github",
          "url": "https://github.com/sponsors/nodable"
        }
      ],
      "license": "MIT"
    },
    "node_modules/@start9labs/start-sdk": {
      "version": "2.0.9",
      "resolved": "https://registry.npmjs.org/@start9labs/start-sdk/-/start-sdk-2.0.9.tgz",
      "integrity": "sha512-HuSYrS10Bb+f6OyAMlCzd5Qyr+rIauiI0dF8MVh5Ny+eU0gF8/DeFAXlHFgL+9wkSv4UAP5q5yOzlBpXzsNbWQ==",
      "bundleDependencies": [
        "@start9labs/start-core",
        "eslint",
        "typescript-eslint"
      ],
      "license": "MIT",
      "dependencies": {
        "@iarna/toml": "^3.0.0",
        "@noble/curves": "^1.9.7",
        "@noble/hashes": "^1.8.0",
        "@start9labs/start-core": "file:./node_modules/@start9labs/start-core",
        "@types/ini": "^4.1.1",
        "deep-equality-data-structures": "^2.0.0",
        "eslint": "^9.39.4",
        "fast-xml-parser": "~5.7.0",
        "ini": "^5.0.0",
        "isomorphic-fetch": "^3.0.0",
        "mime": "^4.1.0",
        "typescript-eslint": "^8.61.0",
        "yaml": "^2.8.3",
        "zod": "4.4.3",
        "zod-deep-partial": "^1.2.0"
      }
    }
  }
}
